// !$*UTF8*$!
{
	archiveVersion = 1;
	classes = {
	};
	objectVersion = 46;
	objects = {

/* Begin PBXBuildFile section */
		C707DE851D93D8BB00D36EF0 /* VSPromptAuthenticationController.m in Sources */ = {isa = PBXBuildFile; fileRef = C707DE841D93D8BB00D36EF0 /* VSPromptAuthenticationController.m */; };
		C707DE901D94605600D36EF0 /* VSContainerController.m in Sources */ = {isa = PBXBuildFile; fileRef = C707DE8F1D94605600D36EF0 /* VSContainerController.m */; };
		C707DE931D948CE700D36EF0 /* VSProductImageController.m in Sources */ = {isa = PBXBuildFile; fileRef = C707DE921D948CE700D36EF0 /* VSProductImageController.m */; };
		C757B95C1D93C8F0003FCB90 /* LocalAuthentication.framework in Frameworks */ = {isa = PBXBuildFile; fileRef = C757B95B1D93C8F0003FCB90 /* LocalAuthentication.framework */; };
		C7EE1A551D9690A6000D63BA /* UIImage+VSAdditions.m in Sources */ = {isa = PBXBuildFile; fileRef = C7EE1A541D9690A6000D63BA /* UIImage+VSAdditions.m */; };
		C7F98C6F1D93213D009FF7D1 /* main.m in Sources */ = {isa = PBXBuildFile; fileRef = C7F98C6E1D93213D009FF7D1 /* main.m */; };
		C7F98C721D93213D009FF7D1 /* AppDelegate.m in Sources */ = {isa = PBXBuildFile; fileRef = C7F98C711D93213D009FF7D1 /* AppDelegate.m */; };
		C7F98C751D93213D009FF7D1 /* VSLoginViewController.m in Sources */ = {isa = PBXBuildFile; fileRef = C7F98C741D93213D009FF7D1 /* VSLoginViewController.m */; };
		C7F98C781D93213D009FF7D1 /* Main.storyboard in Resources */ = {isa = PBXBuildFile; fileRef = C7F98C761D93213D009FF7D1 /* Main.storyboard */; };
		C7F98C7A1D93213D009FF7D1 /* Assets.xcassets in Resources */ = {isa = PBXBuildFile; fileRef = C7F98C791D93213D009FF7D1 /* Assets.xcassets */; };
/* End PBXBuildFile section */

/* Begin PBXFileReference section */
		C707DE831D93D8BB00D36EF0 /* VSPromptAuthenticationController.h */ = {isa = PBXFileReference; fileEncoding = 4; lastKnownFileType = sourcecode.c.h; path = VSPromptAuthenticationController.h; sourceTree = "<group>"; };
		C707DE841D93D8BB00D36EF0 /* VSPromptAuthenticationController.m */ = {isa = PBXFileReference; fileEncoding = 4; lastKnownFileType = sourcecode.c.objc; path = VSPromptAuthenticationController.m; sourceTree = "<group>"; };
		C707DE8E1D94605600D36EF0 /* VSContainerController.h */ = {isa = PBXFileReference; fileEncoding = 4; lastKnownFileType = sourcecode.c.h; path = VSContainerController.h; sourceTree = "<group>"; };
		C707DE8F1D94605600D36EF0 /* VSContainerController.m */ = {isa = PBXFileReference; fileEncoding = 4; lastKnownFileType = sourcecode.c.objc; path = VSContainerController.m; sourceTree = "<group>"; };
		C707DE911D948CE700D36EF0 /* VSProductImageController.h */ = {isa = PBXFileReference; fileEncoding = 4; lastKnownFileType = sourcecode.c.h; path = VSProductImageController.h; sourceTree = "<group>"; };
		C707DE921D948CE700D36EF0 /* VSProductImageController.m */ = {isa = PBXFileReference; fileEncoding = 4; lastKnownFileType = sourcecode.c.objc; path = VSProductImageController.m; sourceTree = "<group>"; };
		C757B95B1D93C8F0003FCB90 /* LocalAuthentication.framework */ = {isa = PBXFileReference; lastKnownFileType = wrapper.framework; name = LocalAuthentication.framework; path = System/Library/Frameworks/LocalAuthentication.framework; sourceTree = SDKROOT; };
		C7EE1A531D9690A6000D63BA /* UIImage+VSAdditions.h */ = {isa = PBXFileReference; fileEncoding = 4; lastKnownFileType = sourcecode.c.h; path = "UIImage+VSAdditions.h"; sourceTree = "<group>"; };
		C7EE1A541D9690A6000D63BA /* UIImage+VSAdditions.m */ = {isa = PBXFileReference; fileEncoding = 4; lastKnownFileType = sourcecode.c.objc; path = "UIImage+VSAdditions.m"; sourceTree = "<group>"; };
		C7F98C6A1D93213D009FF7D1 /* VogueShop.app */ = {isa = PBXFileReference; explicitFileType = wrapper.application; includeInIndex = 0; path = VogueShop.app; sourceTree = BUILT_PRODUCTS_DIR; };
		C7F98C6E1D93213D009FF7D1 /* main.m */ = {isa = PBXFileReference; lastKnownFileType = sourcecode.c.objc; path = main.m; sourceTree = "<group>"; };
		C7F98C701D93213D009FF7D1 /* AppDelegate.h */ = {isa = PBXFileReference; lastKnownFileType = sourcecode.c.h; path = AppDelegate.h; sourceTree = "<group>"; };
		C7F98C711D93213D009FF7D1 /* AppDelegate.m */ = {isa = PBXFileReference; lastKnownFileType = sourcecode.c.objc; path = AppDelegate.m; sourceTree = "<group>"; };
		C7F98C731D93213D009FF7D1 /* VSLoginViewController.h */ = {isa = PBXFileReference; lastKnownFileType = sourcecode.c.h; path = VSLoginViewController.h; sourceTree = "<group>"; };
		C7F98C741D93213D009FF7D1 /* VSLoginViewController.m */ = {isa = PBXFileReference; lastKnownFileType = sourcecode.c.objc; path = VSLoginViewController.m; sourceTree = "<group>"; };
		C7F98C771D93213D009FF7D1 /* Base */ = {isa = PBXFileReference; lastKnownFileType = file.storyboard; name = Base; path = Base.lproj/Main.storyboard; sourceTree = "<group>"; };
		C7F98C791D93213D009FF7D1 /* Assets.xcassets */ = {isa = PBXFileReference; lastKnownFileType = folder.assetcatalog; path = Assets.xcassets; sourceTree = "<group>"; };
		C7F98C7E1D93213D009FF7D1 /* Info.plist */ = {isa = PBXFileReference; lastKnownFileType = text.plist.xml; path = Info.plist; sourceTree = "<group>"; };
/* End PBXFileReference section */

/* Begin PBXFrameworksBuildPhase section */
		C7F98C671D93213D009FF7D1 /* Frameworks */ = {
			isa = PBXFrameworksBuildPhase;
			buildActionMask = 2147483647;
			files = (
				C757B95C1D93C8F0003FCB90 /* LocalAuthentication.framework in Frameworks */,
			);
			runOnlyForDeploymentPostprocessing = 0;
		};
/* End PBXFrameworksBuildPhase section */

/* Begin PBXGroup section */
		C757B95A1D93C8F0003FCB90 /* Frameworks */ = {
			isa = PBXGroup;
			children = (
				C757B95B1D93C8F0003FCB90 /* LocalAuthentication.framework */,
			);
			name = Frameworks;
			sourceTree = "<group>";
		};
		C7F98C611D93213D009FF7D1 = {
			isa = PBXGroup;
			children = (
				C7F98C6C1D93213D009FF7D1 /* VogueShop */,
				C7F98C6B1D93213D009FF7D1 /* Products */,
				C757B95A1D93C8F0003FCB90 /* Frameworks */,
			);
			sourceTree = "<group>";
		};
		C7F98C6B1D93213D009FF7D1 /* Products */ = {
			isa = PBXGroup;
			children = (
				C7F98C6A1D93213D009FF7D1 /* VogueShop.app */,
			);
			name = Products;
			sourceTree = "<group>";
		};
		C7F98C6C1D93213D009FF7D1 /* VogueShop */ = {
			isa = PBXGroup;
			children = (
				C7F98C701D93213D009FF7D1 /* AppDelegate.h */,
				C7F98C711D93213D009FF7D1 /* AppDelegate.m */,
				C7F98C731D93213D009FF7D1 /* VSLoginViewController.h */,
				C7F98C741D93213D009FF7D1 /* VSLoginViewController.m */,
				C707DE831D93D8BB00D36EF0 /* VSPromptAuthenticationController.h */,
				C707DE841D93D8BB00D36EF0 /* VSPromptAuthenticationController.m */,
				C707DE8E1D94605600D36EF0 /* VSContainerController.h */,
				C707DE8F1D94605600D36EF0 /* VSContainerController.m */,
				C7F98C761D93213D009FF7D1 /* Main.storyboard */,
				C707DE911D948CE700D36EF0 /* VSProductImageController.h */,
				C707DE921D948CE700D36EF0 /* VSProductImageController.m */,
				C7F98C791D93213D009FF7D1 /* Assets.xcassets */,
				C7F98C7E1D93213D009FF7D1 /* Info.plist */,
				C7F98C6D1D93213D009FF7D1 /* Supporting Files */,
				C7EE1A531D9690A6000D63BA /* UIImage+VSAdditions.h */,
				C7EE1A541D9690A6000D63BA /* UIImage+VSAdditions.m */,
			);
			path = VogueShop;
			sourceTree = "<group>";
		};
		C7F98C6D1D93213D009FF7D1 /* Supporting Files */ = {
			isa = PBXGroup;
			children = (
				C7F98C6E1D93213D009FF7D1 /* main.m */,
			);
			name = "Supporting Files";
			sourceTree = "<group>";
		};
/* End PBXGroup section */

/* Begin PBXNativeTarget section */
		C7F98C691D93213D009FF7D1 /* VogueShop */ = {
			isa = PBXNativeTarget;
			buildConfigurationList = C7F98C811D93213D009FF7D1 /* Build configuration list for PBXNativeTarget "VogueShop" */;
			buildPhases = (
				C7F98C661D93213D009FF7D1 /* Sources */,
				C7F98C671D93213D009FF7D1 /* Frameworks */,
				C7F98C681D93213D009FF7D1 /* Resources */,
			);
			buildRules = (
			);
			dependencies = (
			);
			name = VogueShop;
			productName = VogueShop;
			productReference = C7F98C6A1D93213D009FF7D1 /* VogueShop.app */;
			productType = "com.apple.product-type.application";
		};
/* End PBXNativeTarget section */

/* Begin PBXProject section */
		C7F98C621D93213D009FF7D1 /* Project object */ = {
			isa = PBXProject;
			attributes = {
				LastUpgradeCheck = 0800;
				ORGANIZATIONNAME = "Wanming Zhang";
				TargetAttributes = {
					C7F98C691D93213D009FF7D1 = {
						CreatedOnToolsVersion = 8.0;
						DevelopmentTeam = 8R5SSX8RV5;
						ProvisioningStyle = Automatic;
					};
				};
			};
			buildConfigurationList = C7F98C651D93213D009FF7D1 /* Build configuration list for PBXProject "VogueShop" */;
			compatibilityVersion = "Xcode 3.2";
			developmentRegion = English;
			hasScannedForEncodings = 0;
			knownRegions = (
				en,
				Base,
			);
			mainGroup = C7F98C611D93213D009FF7D1;
			productRefGroup = C7F98C6B1D93213D009FF7D1 /* Products */;
			projectDirPath = "";
			projectRoot = "";
			targets = (
				C7F98C691D93213D009FF7D1 /* VogueShop */,
			);
		};
/* End PBXProject section */

/* Begin PBXResourcesBuildPhase section */
		C7F98C681D93213D009FF7D1 /* Resources */ = {
			isa = PBXResourcesBuildPhase;
			buildActionMask = 2147483647;
			files = (
				C7F98C7A1D93213D009FF7D1 /* Assets.xcassets in Resources */,
				C7F98C781D93213D009FF7D1 /* Main.storyboard in Resources */,
			);
			runOnlyForDeploymentPostprocessing = 0;
		};
/* End PBXResourcesBuildPhase section */

/* Begin PBXSourcesBuildPhase section */
		C7F98C661D93213D009FF7D1 /* Sources */ = {
			isa = PBXSourcesBuildPhase;
			buildActionMask = 2147483647;
			files = (
				C7EE1A551D9690A6000D63BA /* UIImage+VSAdditions.m in Sources */,
				C707DE851D93D8BB00D36EF0 /* VSPromptAuthenticationController.m in Sources */,
				C7F98C751D93213D009FF7D1 /* VSLoginViewController.m in Sources */,
				C707DE901D94605600D36EF0 /* VSContainerController.m in Sources */,
				C7F98C721D93213D009FF7D1 /* AppDelegate.m in Sources */,
				C707DE931D948CE700D36EF0 /* VSProductImageController.m in Sources */,
				C7F98C6F1D93213D009FF7D1 /* main.m in Sources */,
			);
			runOnlyForDeploymentPostprocessing = 0;
		};
/* End PBXSourcesBuildPhase section */

/* Begin PBXVariantGroup section */
		C7F98C761D93213D009FF7D1 /* Main.storyboard */ = {
			isa = PBXVariantGroup;
			children = (
				C7F98C771D93213D009FF7D1 /* Base */,
			);
			name = Main.storyboard;
			sourceTree = "<group>";
		};
/* End PBXVariantGroup section */

/* Begin XCBuildConfiguration section */
		C7F98C7F1D93213D009FF7D1 /* Debug */ = {
			isa = XCBuildConfiguration;
			buildSettings = {
				ALWAYS_SEARCH_USER_PATHS = NO;
				CLANG_ANALYZER_NONNULL = YES;
				CLANG_CXX_LANGUAGE_STANDARD = "gnu++0x";
				CLANG_CXX_LIBRARY = "libc++";
				CLANG_ENABLE_MODULES = YES;
				CLANG_ENABLE_OBJC_ARC = YES;
				CLANG_WARN_BOOL_CONVERSION = YES;
				CLANG_WARN_CONSTANT_CONVERSION = YES;
				CLANG_WARN_DIRECT_OBJC_ISA_USAGE = YES_ERROR;
				CLANG_WARN_DOCUMENTATION_COMMENTS = YES;
				CLANG_WARN_EMPTY_BODY = YES;
				CLANG_WARN_ENUM_CONVERSION = YES;
				CLANG_WARN_INFINITE_RECURSION = YES;
				CLANG_WARN_INT_CONVERSION = YES;
				CLANG_WARN_OBJC_ROOT_CLASS = YES_ERROR;
				CLANG_WARN_SUSPICIOUS_MOVES = YES;
				CLANG_WARN_UNREACHABLE_CODE = YES;
				CLANG_WARN__DUPLICATE_METHOD_MATCH = YES;
				"CODE_SIGN_IDENTITY[sdk=iphoneos*]" = "iPhone Developer";
				COPY_PHASE_STRIP = NO;
				DEBUG_INFORMATION_FORMAT = dwarf;
				DEVELOPMENT_TEAM = XA2RWMA8F5;
				ENABLE_STRICT_OBJC_MSGSEND = YES;
				ENABLE_TESTABILITY = YES;
				GCC_C_LANGUAGE_STANDARD = gnu99;
				GCC_DYNAMIC_NO_PIC = NO;
				GCC_NO_COMMON_BLOCKS = YES;
				GCC_OPTIMIZATION_LEVEL = 0;
				GCC_PREPROCESSOR_DEFINITIONS = (
					"DEBUG=1",
					"$(inherited)",
				);
				GCC_WARN_64_TO_32_BIT_CONVERSION = YES;
				GCC_WARN_ABOUT_RETURN_TYPE = YES_ERROR;
				GCC_WARN_UNDECLARED_SELECTOR = YES;
				GCC_WARN_UNINITIALIZED_AUTOS = YES_AGGRESSIVE;
				GCC_WARN_UNUSED_FUNCTION = YES;
				GCC_WARN_UNUSED_VARIABLE = YES;
				IPHONEOS_DEPLOYMENT_TARGET = 9.0;
				MTL_ENABLE_DEBUG_INFO = YES;
				ONLY_ACTIVE_ARCH = YES;
				SDKROOT = iphoneos;
			};
			name = Debug;
		};
		C7F98C801D93213D009FF7D1 /* Release */ = {
			isa = XCBuildConfiguration;
			buildSettings = {
				ALWAYS_SEARCH_USER_PATHS = NO;
				CLANG_ANALYZER_NONNULL = YES;
				CLANG_CXX_LANGUAGE_STANDARD = "gnu++0x";
				CLANG_CXX_LIBRARY = "libc++";
				CLANG_ENABLE_MODULES = YES;
				CLANG_ENABLE_OBJC_ARC = YES;
				CLANG_WARN_BOOL_CONVERSION = YES;
				CLANG_WARN_CONSTANT_CONVERSION = YES;
				CLANG_WARN_DIRECT_OBJC_ISA_USAGE = YES_ERROR;
				CLANG_WARN_DOCUMENTATION_COMMENTS = YES;
				CLANG_WARN_EMPTY_BODY = YES;
				CLANG_WARN_ENUM_CONVERSION = YES;
				CLANG_WARN_INFINITE_RECURSION = YES;
				CLANG_WARN_INT_CONVERSION = YES;
				CLANG_WARN_OBJC_ROOT_CLASS = YES_ERROR;
				CLANG_WARN_SUSPICIOUS_MOVES = YES;
				CLANG_WARN_UNREACHABLE_CODE = YES;
				CLANG_WARN__DUPLICATE_METHOD_MATCH = YES;
				"CODE_SIGN_IDENTITY[sdk=iphoneos*]" = "iPhone Developer";
				COPY_PHASE_STRIP = NO;
				DEBUG_INFORMATION_FORMAT = "dwarf-with-dsym";
				DEVELOPMENT_TEAM = XA2RWMA8F5;
				ENABLE_NS_ASSERTIONS = NO;
				ENABLE_STRICT_OBJC_MSGSEND = YES;
				GCC_C_LANGUAGE_STANDARD = gnu99;
				GCC_NO_COMMON_BLOCKS = YES;
				GCC_WARN_64_TO_32_BIT_CONVERSION = YES;
				GCC_WARN_ABOUT_RETURN_TYPE = YES_ERROR;
				GCC_WARN_UNDECLARED_SELECTOR = YES;
				GCC_WARN_UNINITIALIZED_AUTOS = YES_AGGRESSIVE;
				GCC_WARN_UNUSED_FUNCTION = YES;
				GCC_WARN_UNUSED_VARIABLE = YES;
				IPHONEOS_DEPLOYMENT_TARGET = 9.0;
				MTL_ENABLE_DEBUG_INFO = NO;
				SDKROOT = iphoneos;
				VALIDATE_PRODUCT = YES;
			};
			name = Release;
		};
		C7F98C821D93213D009FF7D1 /* Debug */ = {
			isa = XCBuildConfiguration;
			buildSettings = {
				ASSETCATALOG_COMPILER_APPICON_NAME = AppIcon;
				DEVELOPMENT_TEAM = 8R5SSX8RV5;
				INFOPLIST_FILE = VogueShop/Info.plist;
				IPHONEOS_DEPLOYMENT_TARGET = 9.3;
				LD_RUNPATH_SEARCH_PATHS = "$(inherited) @executable_path/Frameworks";
				PRODUCT_BUNDLE_IDENTIFIER = com.WanmingZhang.VogueShop;
				PRODUCT_NAME = "$(TARGET_NAME)";
			};
			name = Debug;
		};
		C7F98C831D93213D009FF7D1 /* Release */ = {
			isa = XCBuildConfiguration;
			buildSettings = {
				ASSETCATALOG_COMPILER_APPICON_NAME = AppIcon;
				DEVELOPMENT_TEAM = 8R5SSX8RV5;
				INFOPLIST_FILE = VogueShop/Info.plist;
				IPHONEOS_DEPLOYMENT_TARGET = 9.3;
				LD_RUNPATH_SEARCH_PATHS = "$(inherited) @executable_path/Frameworks";
				PRODUCT_BUNDLE_IDENTIFIER = com.WanmingZhang.VogueShop;
				PRODUCT_NAME = "$(TARGET_NAME)";
			};
			name = Release;
		};
/* End XCBuildConfiguration section */

/* Begin XCConfigurationList section */
		C7F98C651D93213D009FF7D1 /* Build configuration list for PBXProject "VogueShop" */ = {
			isa = XCConfigurationList;
			buildConfigurations = (
				C7F98C7F1D93213D009FF7D1 /* Debug */,
				C7F98C801D93213D009FF7D1 /* Release */,
			);
			defaultConfigurationIsVisible = 0;
			defaultConfigurationName = Release;
		};
		C7F98C811D93213D009FF7D1 /* Build configuration list for PBXNativeTarget "VogueShop" */ = {
			isa = XCConfigurationList;
			buildConfigurations = (
				C7F98C821D93213D009FF7D1 /* Debug */,
				C7F98C831D93213D009FF7D1 /* Release */,
			);
			defaultConfigurationIsVisible = 0;
			defaultConfigurationName = Release;
		};
/* End XCConfigurationList section */
	};
	rootObject = C7F98C621D93213D009FF7D1 /* Project object */;
}
